
Microsoft Visual Studio Solution File, Format Version 12.00
# Visual Studio 15
VisualStudioVersion = 15.0.27130.2024
MinimumVisualStudioVersion = 10.0.40219.1
Project("{FAE04EC0-301F-11D3-BF4B-00C04F79EFBC}") = "SupportWheelOfFateAPI", "SupportWheelOfFateAPI\SupportWheelOfFateAPI.csproj", "{8BE42821-28B5-4604-952B-4038B9548152}"
EndProject
Project("{FAE04EC0-301F-11D3-BF4B-00C04F79EFBC}") = "SupportWheelOfFateInfrastructure", "SupportWheelOfFateInfrastucture\SupportWheelOfFateInfrastructure.csproj", "{346BA441-B84C-4402-B3BE-142BF8D391ED}"
EndProject
Global
	GlobalSection(SolutionConfigurationPlatforms) = preSolution
		Debug|Any CPU = Debug|Any CPU
		Release|Any CPU = Release|Any CPU
	EndGlobalSection
	GlobalSection(ProjectConfigurationPlatforms) = postSolution
		{8BE42821-28B5-4604-952B-4038B9548152}.Debug|Any CPU.ActiveCfg = Debug|Any CPU
		{8BE42821-28B5-4604-952B-4038B9548152}.Debug|Any CPU.Build.0 = Debug|Any CPU
		{8BE42821-28B5-4604-952B-4038B9548152}.Release|Any CPU.ActiveCfg = Release|Any CPU
		{8BE42821-28B5-4604-952B-4038B9548152}.Release|Any CPU.Build.0 = Release|Any CPU
		{346BA441-B84C-4402-B3BE-142BF8D391ED}.Debug|Any CPU.ActiveCfg = Debug|Any CPU
		{346BA441-B84C-4402-B3BE-142BF8D391ED}.Debug|Any CPU.Build.0 = Debug|Any CPU
		{346BA441-B84C-4402-B3BE-142BF8D391ED}.Release|Any CPU.ActiveCfg = Release|Any CPU
		{346BA441-B84C-4402-B3BE-142BF8D391ED}.Release|Any CPU.Build.0 = Release|Any CPU
	EndGlobalSection
	GlobalSection(SolutionProperties) = preSolution
		HideSolutionNode = FALSE
	EndGlobalSection
	GlobalSection(ExtensibilityGlobals) = postSolution
		SolutionGuid = {69153312-7833-4A4C-85BA-D254E37122FD}
	EndGlobalSection
EndGlobal
